
Microsoft Visual Studio Solution File, Format Version 12.00
# Visual Studio Version 16
VisualStudioVersion = 16.0.31112.23
MinimumVisualStudioVersion = 10.0.40219.1
Project("{FAE04EC0-301F-11D3-BF4B-00C04F79EFBC}") = "Lab2.Android", "Lab2\Lab2.Android\Lab2.Android.csproj", "{B123A6FA-8B84-436E-A474-CD561773A6E3}"
EndProject
Project("{FAE04EC0-301F-11D3-BF4B-00C04F79EFBC}") = "Lab2", "Lab2\Lab2\Lab2.csproj", "{72BC8B7B-EED5-4E54-95D0-A1F6D944D91D}"
EndProject
Global
	GlobalSection(SolutionConfigurationPlatforms) = preSolution
		Debug|Any CPU = Debug|Any CPU
		Release|Any CPU = Release|Any CPU
	EndGlobalSection
	GlobalSection(ProjectConfigurationPlatforms) = postSolution
		{B123A6FA-8B84-436E-A474-CD561773A6E3}.Debug|Any CPU.ActiveCfg = Debug|Any CPU
		{B123A6FA-8B84-436E-A474-CD561773A6E3}.Debug|Any CPU.Build.0 = Debug|Any CPU
		{B123A6FA-8B84-436E-A474-CD561773A6E3}.Debug|Any CPU.Deploy.0 = Debug|Any CPU
		{B123A6FA-8B84-436E-A474-CD561773A6E3}.Release|Any CPU.ActiveCfg = Release|Any CPU
		{B123A6FA-8B84-436E-A474-CD561773A6E3}.Release|Any CPU.Build.0 = Release|Any CPU
		{B123A6FA-8B84-436E-A474-CD561773A6E3}.Release|Any CPU.Deploy.0 = Release|Any CPU
		{72BC8B7B-EED5-4E54-95D0-A1F6D944D91D}.Debug|Any CPU.ActiveCfg = Debug|Any CPU
		{72BC8B7B-EED5-4E54-95D0-A1F6D944D91D}.Debug|Any CPU.Build.0 = Debug|Any CPU
		{72BC8B7B-EED5-4E54-95D0-A1F6D944D91D}.Debug|Any CPU.Deploy.0 = Debug|Any CPU
		{72BC8B7B-EED5-4E54-95D0-A1F6D944D91D}.Release|Any CPU.ActiveCfg = Release|Any CPU
		{72BC8B7B-EED5-4E54-95D0-A1F6D944D91D}.Release|Any CPU.Build.0 = Release|Any CPU
		{72BC8B7B-EED5-4E54-95D0-A1F6D944D91D}.Release|Any CPU.Deploy.0 = Release|Any CPU
	EndGlobalSection
	GlobalSection(SolutionProperties) = preSolution
		HideSolutionNode = FALSE
	EndGlobalSection
	GlobalSection(ExtensibilityGlobals) = postSolution
		SolutionGuid = {C84EF1F5-F93E-4D02-9A31-D6D4F127FB94}
	EndGlobalSection
EndGlobal
